
Microsoft Visual Studio Solution File, Format Version 12.00
# Visual Studio Version 16
VisualStudioVersion = 16.0.29728.190
MinimumVisualStudioVersion = 10.0.40219.1
Project("{9A19103F-16F7-4668-BE54-9A1E7A4F7556}") = "DiscordBingoBot", "DiscordBingoBot\DiscordBingoBot.csproj", "{38EAB3FA-B113-4DD3-ADCD-0DF99CE63594}"
EndProject
Global
	GlobalSection(SolutionConfigurationPlatforms) = preSolution
		Debug|Any CPU = Debug|Any CPU
		Release|Any CPU = Release|Any CPU
	EndGlobalSection
	GlobalSection(ProjectConfigurationPlatforms) = postSolution
		{38EAB3FA-B113-4DD3-ADCD-0DF99CE63594}.Debug|Any CPU.ActiveCfg = Debug|Any CPU
		{38EAB3FA-B113-4DD3-ADCD-0DF99CE63594}.Debug|Any CPU.Build.0 = Debug|Any CPU
		{38EAB3FA-B113-4DD3-ADCD-0DF99CE63594}.Release|Any CPU.ActiveCfg = Release|Any CPU
		{38EAB3FA-B113-4DD3-ADCD-0DF99CE63594}.Release|Any CPU.Build.0 = Release|Any CPU
	EndGlobalSection
	GlobalSection(SolutionProperties) = preSolution
		HideSolutionNode = FALSE
	EndGlobalSection
	GlobalSection(ExtensibilityGlobals) = postSolution
		SolutionGuid = {64E22EAE-2352-4483-8864-6DC14DCA5500}
	EndGlobalSection
EndGlobal
